// !$*UTF8*$!
{
	archiveVersion = 1;
	classes = {
	};
	objectVersion = 52;
	objects = {

/* Begin PBXBuildFile section */
		F03EFD2E27A2443900A21E68 /* ArtTableViewCell.swift in Sources */ = {isa = PBXBuildFile; fileRef = F03EFD2D27A2443900A21E68 /* ArtTableViewCell.swift */; };
		F05CC82127A26024004B4206 /* ArtTableViewCell.xib in Resources */ = {isa = PBXBuildFile; fileRef = F05CC82027A26024004B4206 /* ArtTableViewCell.xib */; };
		F067F5D927A2166900518A04 /* Art.swift in Sources */ = {isa = PBXBuildFile; fileRef = F067F5D827A2166900518A04 /* Art.swift */; };
		F067F5DB27A21CDF00518A04 /* ArtViewController.swift in Sources */ = {isa = PBXBuildFile; fileRef = F067F5DA27A21CDF00518A04 /* ArtViewController.swift */; };
		F069948027A370010097A539 /* ArtViewModel.swift in Sources */ = {isa = PBXBuildFile; fileRef = F069947F27A370010097A539 /* ArtViewModel.swift */; };
		F0E1EA8427A89EE800BB21E0 /* SDWebImage in Frameworks */ = {isa = PBXBuildFile; productRef = F0E1EA8327A89EE800BB21E0 /* SDWebImage */; };
		F0E1EA8627A8BA3A00BB21E0 /* ArtDetailViewController.swift in Sources */ = {isa = PBXBuildFile; fileRef = F0E1EA8527A8BA3A00BB21E0 /* ArtDetailViewController.swift */; };
		F0E1EA8827A8BA5500BB21E0 /* ArtDetailViewModel.swift in Sources */ = {isa = PBXBuildFile; fileRef = F0E1EA8727A8BA5500BB21E0 /* ArtDetailViewModel.swift */; };
		F0E1EA8B27A8BC0800BB21E0 /* ArtDetail.storyboard in Resources */ = {isa = PBXBuildFile; fileRef = F0E1EA8A27A8BC0800BB21E0 /* ArtDetail.storyboard */; };
		F0EC8F8A279A601A00CFB5C1 /* Villager.swift in Sources */ = {isa = PBXBuildFile; fileRef = F0EC8F89279A601A00CFB5C1 /* Villager.swift */; };
		F0F067A2279A25F50026EE6A /* AppDelegate.swift in Sources */ = {isa = PBXBuildFile; fileRef = F0F067A1279A25F50026EE6A /* AppDelegate.swift */; };
		F0F067A4279A25F50026EE6A /* SceneDelegate.swift in Sources */ = {isa = PBXBuildFile; fileRef = F0F067A3279A25F50026EE6A /* SceneDelegate.swift */; };
		F0F067A6279A25F50026EE6A /* HomeViewController.swift in Sources */ = {isa = PBXBuildFile; fileRef = F0F067A5279A25F50026EE6A /* HomeViewController.swift */; };
		F0F067A9279A25F50026EE6A /* Main.storyboard in Resources */ = {isa = PBXBuildFile; fileRef = F0F067A7279A25F50026EE6A /* Main.storyboard */; };
		F0F067AB279A25F60026EE6A /* Assets.xcassets in Resources */ = {isa = PBXBuildFile; fileRef = F0F067AA279A25F60026EE6A /* Assets.xcassets */; };
		F0F067AE279A25F60026EE6A /* LaunchScreen.storyboard in Resources */ = {isa = PBXBuildFile; fileRef = F0F067AC279A25F60026EE6A /* LaunchScreen.storyboard */; };
		F0F067B7279A273C0026EE6A /* HomeViewModel.swift in Sources */ = {isa = PBXBuildFile; fileRef = F0F067B6279A273C0026EE6A /* HomeViewModel.swift */; };
/* End PBXBuildFile section */

/* Begin PBXFileReference section */
		F03EFD2D27A2443900A21E68 /* ArtTableViewCell.swift */ = {isa = PBXFileReference; lastKnownFileType = sourcecode.swift; path = ArtTableViewCell.swift; sourceTree = "<group>"; };
		F05CC82027A26024004B4206 /* ArtTableViewCell.xib */ = {isa = PBXFileReference; fileEncoding = 4; lastKnownFileType = file.xib; path = ArtTableViewCell.xib; sourceTree = "<group>"; };
		F067F5D827A2166900518A04 /* Art.swift */ = {isa = PBXFileReference; lastKnownFileType = sourcecode.swift; path = Art.swift; sourceTree = "<group>"; };
		F067F5DA27A21CDF00518A04 /* ArtViewController.swift */ = {isa = PBXFileReference; lastKnownFileType = sourcecode.swift; path = ArtViewController.swift; sourceTree = "<group>"; };
		F069947F27A370010097A539 /* ArtViewModel.swift */ = {isa = PBXFileReference; lastKnownFileType = sourcecode.swift; path = ArtViewModel.swift; sourceTree = "<group>"; };
		F0E1EA8527A8BA3A00BB21E0 /* ArtDetailViewController.swift */ = {isa = PBXFileReference; lastKnownFileType = sourcecode.swift; path = ArtDetailViewController.swift; sourceTree = "<group>"; };
		F0E1EA8727A8BA5500BB21E0 /* ArtDetailViewModel.swift */ = {isa = PBXFileReference; lastKnownFileType = sourcecode.swift; path = ArtDetailViewModel.swift; sourceTree = "<group>"; };
		F0E1EA8A27A8BC0800BB21E0 /* ArtDetail.storyboard */ = {isa = PBXFileReference; lastKnownFileType = file.storyboard; path = ArtDetail.storyboard; sourceTree = "<group>"; };
		F0EC8F89279A601A00CFB5C1 /* Villager.swift */ = {isa = PBXFileReference; lastKnownFileType = sourcecode.swift; path = Villager.swift; sourceTree = "<group>"; };
		F0F0679E279A25F50026EE6A /* AnimalCrossing.app */ = {isa = PBXFileReference; explicitFileType = wrapper.application; includeInIndex = 0; path = AnimalCrossing.app; sourceTree = BUILT_PRODUCTS_DIR; };
		F0F067A1279A25F50026EE6A /* AppDelegate.swift */ = {isa = PBXFileReference; lastKnownFileType = sourcecode.swift; path = AppDelegate.swift; sourceTree = "<group>"; };
		F0F067A3279A25F50026EE6A /* SceneDelegate.swift */ = {isa = PBXFileReference; lastKnownFileType = sourcecode.swift; path = SceneDelegate.swift; sourceTree = "<group>"; };
		F0F067A5279A25F50026EE6A /* HomeViewController.swift */ = {isa = PBXFileReference; lastKnownFileType = sourcecode.swift; path = HomeViewController.swift; sourceTree = "<group>"; };
		F0F067A8279A25F50026EE6A /* Base */ = {isa = PBXFileReference; lastKnownFileType = file.storyboard; name = Base; path = Base.lproj/Main.storyboard; sourceTree = "<group>"; };
		F0F067AA279A25F60026EE6A /* Assets.xcassets */ = {isa = PBXFileReference; lastKnownFileType = folder.assetcatalog; path = Assets.xcassets; sourceTree = "<group>"; };
		F0F067AD279A25F60026EE6A /* Base */ = {isa = PBXFileReference; lastKnownFileType = file.storyboard; name = Base; path = Base.lproj/LaunchScreen.storyboard; sourceTree = "<group>"; };
		F0F067AF279A25F60026EE6A /* Info.plist */ = {isa = PBXFileReference; lastKnownFileType = text.plist.xml; path = Info.plist; sourceTree = "<group>"; };
		F0F067B6279A273C0026EE6A /* HomeViewModel.swift */ = {isa = PBXFileReference; lastKnownFileType = sourcecode.swift; path = HomeViewModel.swift; sourceTree = "<group>"; };
/* End PBXFileReference section */

/* Begin PBXFrameworksBuildPhase section */
		F0F0679B279A25F50026EE6A /* Frameworks */ = {
			isa = PBXFrameworksBuildPhase;
			buildActionMask = 2147483647;
			files = (
				F0E1EA8427A89EE800BB21E0 /* SDWebImage in Frameworks */,
			);
			runOnlyForDeploymentPostprocessing = 0;
		};
/* End PBXFrameworksBuildPhase section */

/* Begin PBXGroup section */
		F067F5D727A214C900518A04 /* Art */ = {
			isa = PBXGroup;
			children = (
				F069947F27A370010097A539 /* ArtViewModel.swift */,
				F067F5DA27A21CDF00518A04 /* ArtViewController.swift */,
				F03EFD2D27A2443900A21E68 /* ArtTableViewCell.swift */,
				F05CC82027A26024004B4206 /* ArtTableViewCell.xib */,
				F0E1EA8927A8BBE900BB21E0 /* ArtDetail */,
			);
			path = Art;
			sourceTree = "<group>";
		};
		F0E1EA8927A8BBE900BB21E0 /* ArtDetail */ = {
			isa = PBXGroup;
			children = (
				F0E1EA8527A8BA3A00BB21E0 /* ArtDetailViewController.swift */,
				F0E1EA8727A8BA5500BB21E0 /* ArtDetailViewModel.swift */,
				F0E1EA8A27A8BC0800BB21E0 /* ArtDetail.storyboard */,
			);
			path = ArtDetail;
			sourceTree = "<group>";
		};
		F0EC8F88279A5FFA00CFB5C1 /* Models */ = {
			isa = PBXGroup;
			children = (
				F0EC8F8B279A610A00CFB5C1 /* Request */,
			);
			path = Models;
			sourceTree = "<group>";
		};
		F0EC8F8B279A610A00CFB5C1 /* Request */ = {
			isa = PBXGroup;
			children = (
				F0EC8F89279A601A00CFB5C1 /* Villager.swift */,
				F067F5D827A2166900518A04 /* Art.swift */,
			);
			path = Request;
			sourceTree = "<group>";
		};
		F0F06795279A25F50026EE6A = {
			isa = PBXGroup;
			children = (
				F0F067A0279A25F50026EE6A /* AnimalCrossing */,
				F0F0679F279A25F50026EE6A /* Products */,
			);
			sourceTree = "<group>";
		};
		F0F0679F279A25F50026EE6A /* Products */ = {
			isa = PBXGroup;
			children = (
				F0F0679E279A25F50026EE6A /* AnimalCrossing.app */,
			);
			name = Products;
			sourceTree = "<group>";
		};
		F0F067A0279A25F50026EE6A /* AnimalCrossing */ = {
			isa = PBXGroup;
			children = (
				F0EC8F88279A5FFA00CFB5C1 /* Models */,
				F0F067B5279A271E0026EE6A /* Home */,
				F0F067A1279A25F50026EE6A /* AppDelegate.swift */,
				F067F5D727A214C900518A04 /* Art */,
				F0F067A3279A25F50026EE6A /* SceneDelegate.swift */,
				F0F067A7279A25F50026EE6A /* Main.storyboard */,
				F0F067AA279A25F60026EE6A /* Assets.xcassets */,
				F0F067AC279A25F60026EE6A /* LaunchScreen.storyboard */,
				F0F067AF279A25F60026EE6A /* Info.plist */,
			);
			path = AnimalCrossing;
			sourceTree = "<group>";
		};
		F0F067B5279A271E0026EE6A /* Home */ = {
			isa = PBXGroup;
			children = (
				F0F067A5279A25F50026EE6A /* HomeViewController.swift */,
				F0F067B6279A273C0026EE6A /* HomeViewModel.swift */,
			);
			path = Home;
			sourceTree = "<group>";
		};
/* End PBXGroup section */

/* Begin PBXNativeTarget section */
		F0F0679D279A25F50026EE6A /* AnimalCrossing */ = {
			isa = PBXNativeTarget;
			buildConfigurationList = F0F067B2279A25F60026EE6A /* Build configuration list for PBXNativeTarget "AnimalCrossing" */;
			buildPhases = (
				F0F0679A279A25F50026EE6A /* Sources */,
				F0F0679B279A25F50026EE6A /* Frameworks */,
				F0F0679C279A25F50026EE6A /* Resources */,
			);
			buildRules = (
			);
			dependencies = (
			);
			name = AnimalCrossing;
			packageProductDependencies = (
				F0E1EA8327A89EE800BB21E0 /* SDWebImage */,
			);
			productName = AnimalCrossing;
			productReference = F0F0679E279A25F50026EE6A /* AnimalCrossing.app */;
			productType = "com.apple.product-type.application";
		};
/* End PBXNativeTarget section */

/* Begin PBXProject section */
		F0F06796279A25F50026EE6A /* Project object */ = {
			isa = PBXProject;
			attributes = {
				LastSwiftUpdateCheck = 1250;
				LastUpgradeCheck = 1250;
				TargetAttributes = {
					F0F0679D279A25F50026EE6A = {
						CreatedOnToolsVersion = 12.5.1;
					};
				};
			};
			buildConfigurationList = F0F06799279A25F50026EE6A /* Build configuration list for PBXProject "AnimalCrossing" */;
			compatibilityVersion = "Xcode 9.3";
			developmentRegion = en;
			hasScannedForEncodings = 0;
			knownRegions = (
				en,
				Base,
			);
			mainGroup = F0F06795279A25F50026EE6A;
			packageReferences = (
				F0E1EA8227A89EE800BB21E0 /* XCRemoteSwiftPackageReference "SDWebImage" */,
			);
			productRefGroup = F0F0679F279A25F50026EE6A /* Products */;
			projectDirPath = "";
			projectRoot = "";
			targets = (
				F0F0679D279A25F50026EE6A /* AnimalCrossing */,
			);
		};
/* End PBXProject section */

/* Begin PBXResourcesBuildPhase section */
		F0F0679C279A25F50026EE6A /* Resources */ = {
			isa = PBXResourcesBuildPhase;
			buildActionMask = 2147483647;
			files = (
				F0E1EA8B27A8BC0800BB21E0 /* ArtDetail.storyboard in Resources */,
				F05CC82127A26024004B4206 /* ArtTableViewCell.xib in Resources */,
				F0F067AE279A25F60026EE6A /* LaunchScreen.storyboard in Resources */,
				F0F067AB279A25F60026EE6A /* Assets.xcassets in Resources */,
				F0F067A9279A25F50026EE6A /* Main.storyboard in Resources */,
			);
			runOnlyForDeploymentPostprocessing = 0;
		};
/* End PBXResourcesBuildPhase section */

/* Begin PBXSourcesBuildPhase section */
		F0F0679A279A25F50026EE6A /* Sources */ = {
			isa = PBXSourcesBuildPhase;
			buildActionMask = 2147483647;
			files = (
				F067F5DB27A21CDF00518A04 /* ArtViewController.swift in Sources */,
				F0E1EA8827A8BA5500BB21E0 /* ArtDetailViewModel.swift in Sources */,
				F0F067A6279A25F50026EE6A /* HomeViewController.swift in Sources */,
				F0F067A2279A25F50026EE6A /* AppDelegate.swift in Sources */,
				F069948027A370010097A539 /* ArtViewModel.swift in Sources */,
				F03EFD2E27A2443900A21E68 /* ArtTableViewCell.swift in Sources */,
				F0F067A4279A25F50026EE6A /* SceneDelegate.swift in Sources */,
				F0F067B7279A273C0026EE6A /* HomeViewModel.swift in Sources */,
				F0E1EA8627A8BA3A00BB21E0 /* ArtDetailViewController.swift in Sources */,
				F0EC8F8A279A601A00CFB5C1 /* Villager.swift in Sources */,
				F067F5D927A2166900518A04 /* Art.swift in Sources */,
			);
			runOnlyForDeploymentPostprocessing = 0;
		};
/* End PBXSourcesBuildPhase section */

/* Begin PBXVariantGroup section */
		F0F067A7279A25F50026EE6A /* Main.storyboard */ = {
			isa = PBXVariantGroup;
			children = (
				F0F067A8279A25F50026EE6A /* Base */,
			);
			name = Main.storyboard;
			sourceTree = "<group>";
		};
		F0F067AC279A25F60026EE6A /* LaunchScreen.storyboard */ = {
			isa = PBXVariantGroup;
			children = (
				F0F067AD279A25F60026EE6A /* Base */,
			);
			name = LaunchScreen.storyboard;
			sourceTree = "<group>";
		};
/* End PBXVariantGroup section */

/* Begin XCBuildConfiguration section */
		F0F067B0279A25F60026EE6A /* Debug */ = {
			isa = XCBuildConfiguration;
			buildSettings = {
				ALWAYS_SEARCH_USER_PATHS = NO;
				CLANG_ANALYZER_NONNULL = YES;
				CLANG_ANALYZER_NUMBER_OBJECT_CONVERSION = YES_AGGRESSIVE;
				CLANG_CXX_LANGUAGE_STANDARD = "gnu++14";
				CLANG_CXX_LIBRARY = "libc++";
				CLANG_ENABLE_MODULES = YES;
				CLANG_ENABLE_OBJC_ARC = YES;
				CLANG_ENABLE_OBJC_WEAK = YES;
				CLANG_WARN_BLOCK_CAPTURE_AUTORELEASING = YES;
				CLANG_WARN_BOOL_CONVERSION = YES;
				CLANG_WARN_COMMA = YES;
				CLANG_WARN_CONSTANT_CONVERSION = YES;
				CLANG_WARN_DEPRECATED_OBJC_IMPLEMENTATIONS = YES;
				CLANG_WARN_DIRECT_OBJC_ISA_USAGE = YES_ERROR;
				CLANG_WARN_DOCUMENTATION_COMMENTS = YES;
				CLANG_WARN_EMPTY_BODY = YES;
				CLANG_WARN_ENUM_CONVERSION = YES;
				CLANG_WARN_INFINITE_RECURSION = YES;
				CLANG_WARN_INT_CONVERSION = YES;
				CLANG_WARN_NON_LITERAL_NULL_CONVERSION = YES;
				CLANG_WARN_OBJC_IMPLICIT_RETAIN_SELF = YES;
				CLANG_WARN_OBJC_LITERAL_CONVERSION = YES;
				CLANG_WARN_OBJC_ROOT_CLASS = YES_ERROR;
				CLANG_WARN_QUOTED_INCLUDE_IN_FRAMEWORK_HEADER = YES;
				CLANG_WARN_RANGE_LOOP_ANALYSIS = YES;
				CLANG_WARN_STRICT_PROTOTYPES = YES;
				CLANG_WARN_SUSPICIOUS_MOVE = YES;
				CLANG_WARN_UNGUARDED_AVAILABILITY = YES_AGGRESSIVE;
				CLANG_WARN_UNREACHABLE_CODE = YES;
				CLANG_WARN__DUPLICATE_METHOD_MATCH = YES;
				COPY_PHASE_STRIP = NO;
				DEBUG_INFORMATION_FORMAT = dwarf;
				ENABLE_STRICT_OBJC_MSGSEND = YES;
				ENABLE_TESTABILITY = YES;
				GCC_C_LANGUAGE_STANDARD = gnu11;
				GCC_DYNAMIC_NO_PIC = NO;
				GCC_NO_COMMON_BLOCKS = YES;
				GCC_OPTIMIZATION_LEVEL = 0;
				GCC_PREPROCESSOR_DEFINITIONS = (
					"DEBUG=1",
					"$(inherited)",
				);
				GCC_WARN_64_TO_32_BIT_CONVERSION = YES;
				GCC_WARN_ABOUT_RETURN_TYPE = YES_ERROR;
				GCC_WARN_UNDECLARED_SELECTOR = YES;
				GCC_WARN_UNINITIALIZED_AUTOS = YES_AGGRESSIVE;
				GCC_WARN_UNUSED_FUNCTION = YES;
				GCC_WARN_UNUSED_VARIABLE = YES;
				IPHONEOS_DEPLOYMENT_TARGET = 14.5;
				MTL_ENABLE_DEBUG_INFO = INCLUDE_SOURCE;
				MTL_FAST_MATH = YES;
				ONLY_ACTIVE_ARCH = YES;
				SDKROOT = iphoneos;
				SWIFT_ACTIVE_COMPILATION_CONDITIONS = DEBUG;
				SWIFT_OPTIMIZATION_LEVEL = "-Onone";
			};
			name = Debug;
		};
		F0F067B1279A25F60026EE6A /* Release */ = {
			isa = XCBuildConfiguration;
			buildSettings = {
				ALWAYS_SEARCH_USER_PATHS = NO;
				CLANG_ANALYZER_NONNULL = YES;
				CLANG_ANALYZER_NUMBER_OBJECT_CONVERSION = YES_AGGRESSIVE;
				CLANG_CXX_LANGUAGE_STANDARD = "gnu++14";
				CLANG_CXX_LIBRARY = "libc++";
				CLANG_ENABLE_MODULES = YES;
				CLANG_ENABLE_OBJC_ARC = YES;
				CLANG_ENABLE_OBJC_WEAK = YES;
				CLANG_WARN_BLOCK_CAPTURE_AUTORELEASING = YES;
				CLANG_WARN_BOOL_CONVERSION = YES;
				CLANG_WARN_COMMA = YES;
				CLANG_WARN_CONSTANT_CONVERSION = YES;
				CLANG_WARN_DEPRECATED_OBJC_IMPLEMENTATIONS = YES;
				CLANG_WARN_DIRECT_OBJC_ISA_USAGE = YES_ERROR;
				CLANG_WARN_DOCUMENTATION_COMMENTS = YES;
				CLANG_WARN_EMPTY_BODY = YES;
				CLANG_WARN_ENUM_CONVERSION = YES;
				CLANG_WARN_INFINITE_RECURSION = YES;
				CLANG_WARN_INT_CONVERSION = YES;
				CLANG_WARN_NON_LITERAL_NULL_CONVERSION = YES;
				CLANG_WARN_OBJC_IMPLICIT_RETAIN_SELF = YES;
				CLANG_WARN_OBJC_LITERAL_CONVERSION = YES;
				CLANG_WARN_OBJC_ROOT_CLASS = YES_ERROR;
				CLANG_WARN_QUOTED_INCLUDE_IN_FRAMEWORK_HEADER = YES;
				CLANG_WARN_RANGE_LOOP_ANALYSIS = YES;
				CLANG_WARN_STRICT_PROTOTYPES = YES;
				CLANG_WARN_SUSPICIOUS_MOVE = YES;
				CLANG_WARN_UNGUARDED_AVAILABILITY = YES_AGGRESSIVE;
				CLANG_WARN_UNREACHABLE_CODE = YES;
				CLANG_WARN__DUPLICATE_METHOD_MATCH = YES;
				COPY_PHASE_STRIP = NO;
				DEBUG_INFORMATION_FORMAT = "dwarf-with-dsym";
				ENABLE_NS_ASSERTIONS = NO;
				ENABLE_STRICT_OBJC_MSGSEND = YES;
				GCC_C_LANGUAGE_STANDARD = gnu11;
				GCC_NO_COMMON_BLOCKS = YES;
				GCC_WARN_64_TO_32_BIT_CONVERSION = YES;
				GCC_WARN_ABOUT_RETURN_TYPE = YES_ERROR;
				GCC_WARN_UNDECLARED_SELECTOR = YES;
				GCC_WARN_UNINITIALIZED_AUTOS = YES_AGGRESSIVE;
				GCC_WARN_UNUSED_FUNCTION = YES;
				GCC_WARN_UNUSED_VARIABLE = YES;
				IPHONEOS_DEPLOYMENT_TARGET = 14.5;
				MTL_ENABLE_DEBUG_INFO = NO;
				MTL_FAST_MATH = YES;
				SDKROOT = iphoneos;
				SWIFT_COMPILATION_MODE = wholemodule;
				SWIFT_OPTIMIZATION_LEVEL = "-O";
				VALIDATE_PRODUCT = YES;
			};
			name = Release;
		};
		F0F067B3279A25F60026EE6A /* Debug */ = {
			isa = XCBuildConfiguration;
			buildSettings = {
				ASSETCATALOG_COMPILER_APPICON_NAME = AppIcon;
				ASSETCATALOG_COMPILER_GLOBAL_ACCENT_COLOR_NAME = AccentColor;
				CODE_SIGN_STYLE = Automatic;
				DEVELOPMENT_TEAM = D892J442TF;
				INFOPLIST_FILE = AnimalCrossing/Info.plist;
				LD_RUNPATH_SEARCH_PATHS = (
					"$(inherited)",
					"@executable_path/Frameworks",
				);
				PRODUCT_BUNDLE_IDENTIFIER = "com.caroline-davis.AnimalCrossing";
				PRODUCT_NAME = "$(TARGET_NAME)";
				SWIFT_VERSION = 5.0;
				TARGETED_DEVICE_FAMILY = "1,2";
			};
			name = Debug;
		};
		F0F067B4279A25F60026EE6A /* Release */ = {
			isa = XCBuildConfiguration;
			buildSettings = {
				ASSETCATALOG_COMPILER_APPICON_NAME = AppIcon;
				ASSETCATALOG_COMPILER_GLOBAL_ACCENT_COLOR_NAME = AccentColor;
				CODE_SIGN_STYLE = Automatic;
				DEVELOPMENT_TEAM = D892J442TF;
				INFOPLIST_FILE = AnimalCrossing/Info.plist;
				LD_RUNPATH_SEARCH_PATHS = (
					"$(inherited)",
					"@executable_path/Frameworks",
				);
				PRODUCT_BUNDLE_IDENTIFIER = "com.caroline-davis.AnimalCrossing";
				PRODUCT_NAME = "$(TARGET_NAME)";
				SWIFT_VERSION = 5.0;
				TARGETED_DEVICE_FAMILY = "1,2";
			};
			name = Release;
		};
/* End XCBuildConfiguration section */

/* Begin XCConfigurationList section */
		F0F06799279A25F50026EE6A /* Build configuration list for PBXProject "AnimalCrossing" */ = {
			isa = XCConfigurationList;
			buildConfigurations = (
				F0F067B0279A25F60026EE6A /* Debug */,
				F0F067B1279A25F60026EE6A /* Release */,
			);
			defaultConfigurationIsVisible = 0;
			defaultConfigurationName = Release;
		};
		F0F067B2279A25F60026EE6A /* Build configuration list for PBXNativeTarget "AnimalCrossing" */ = {
			isa = XCConfigurationList;
			buildConfigurations = (
				F0F067B3279A25F60026EE6A /* Debug */,
				F0F067B4279A25F60026EE6A /* Release */,
			);
			defaultConfigurationIsVisible = 0;
			defaultConfigurationName = Release;
		};
/* End XCConfigurationList section */

/* Begin XCRemoteSwiftPackageReference section */
		F0E1EA8227A89EE800BB21E0 /* XCRemoteSwiftPackageReference "SDWebImage" */ = {
			isa = XCRemoteSwiftPackageReference;
			repositoryURL = "https://github.com/SDWebImage/SDWebImage.git";
			requirement = {
				kind = upToNextMajorVersion;
				minimumVersion = 5.12.3;
			};
		};
/* End XCRemoteSwiftPackageReference section */

/* Begin XCSwiftPackageProductDependency section */
		F0E1EA8327A89EE800BB21E0 /* SDWebImage */ = {
			isa = XCSwiftPackageProductDependency;
			package = F0E1EA8227A89EE800BB21E0 /* XCRemoteSwiftPackageReference "SDWebImage" */;
			productName = SDWebImage;
		};
/* End XCSwiftPackageProductDependency section */
	};
	rootObject = F0F06796279A25F50026EE6A /* Project object */;
}
